
Microsoft Visual Studio Solution File, Format Version 12.00
# Visual Studio Version 17
VisualStudioVersion = 17.6.33829.357
MinimumVisualStudioVersion = 10.0.40219.1
Project("{9A19103F-16F7-4668-BE54-9A1E7A4F7556}") = "Gestion_RDV", "Gestion_RDV\Gestion_RDV.csproj", "{312788B5-E1A6-437C-9991-1AE5E0B305F5}"
EndProject
Project("{FAE04EC0-301F-11D3-BF4B-00C04F79EFBC}") = "Gestion_RDVTests", "Gestion_RDVTests\Gestion_RDVTests.csproj", "{0B5D82ED-E443-4521-9B87-135479433138}"
EndProject
Global
	GlobalSection(SolutionConfigurationPlatforms) = preSolution
		Debug|Any CPU = Debug|Any CPU
		Release|Any CPU = Release|Any CPU
	EndGlobalSection
	GlobalSection(ProjectConfigurationPlatforms) = postSolution
		{312788B5-E1A6-437C-9991-1AE5E0B305F5}.Debug|Any CPU.ActiveCfg = Debug|Any CPU
		{312788B5-E1A6-437C-9991-1AE5E0B305F5}.Debug|Any CPU.Build.0 = Debug|Any CPU
		{312788B5-E1A6-437C-9991-1AE5E0B305F5}.Release|Any CPU.ActiveCfg = Release|Any CPU
		{312788B5-E1A6-437C-9991-1AE5E0B305F5}.Release|Any CPU.Build.0 = Release|Any CPU
		{0B5D82ED-E443-4521-9B87-135479433138}.Debug|Any CPU.ActiveCfg = Debug|Any CPU
		{0B5D82ED-E443-4521-9B87-135479433138}.Debug|Any CPU.Build.0 = Debug|Any CPU
		{0B5D82ED-E443-4521-9B87-135479433138}.Release|Any CPU.ActiveCfg = Release|Any CPU
		{0B5D82ED-E443-4521-9B87-135479433138}.Release|Any CPU.Build.0 = Release|Any CPU
	EndGlobalSection
	GlobalSection(SolutionProperties) = preSolution
		HideSolutionNode = FALSE
	EndGlobalSection
	GlobalSection(ExtensibilityGlobals) = postSolution
		SolutionGuid = {60FC363C-0625-4C74-A3D0-32F7F9614D8F}
	EndGlobalSection
EndGlobal
